
Microsoft Visual Studio Solution File, Format Version 12.00
# Visual Studio Version 17
VisualStudioVersion = 17.3.32929.385
MinimumVisualStudioVersion = 10.0.40219.1
Project("{FAE04EC0-301F-11D3-BF4B-00C04F79EFBC}") = "KalculatorLiczbZespolonuch", "KalculatorLiczbZespolonuch\KalculatorLiczbZespolonuch.csproj", "{522323D6-7640-4EC9-BF14-1651C64167AA}"
EndProject
Global
	GlobalSection(SolutionConfigurationPlatforms) = preSolution
		Debug|Any CPU = Debug|Any CPU
		Release|Any CPU = Release|Any CPU
	EndGlobalSection
	GlobalSection(ProjectConfigurationPlatforms) = postSolution
		{522323D6-7640-4EC9-BF14-1651C64167AA}.Debug|Any CPU.ActiveCfg = Debug|Any CPU
		{522323D6-7640-4EC9-BF14-1651C64167AA}.Debug|Any CPU.Build.0 = Debug|Any CPU
		{522323D6-7640-4EC9-BF14-1651C64167AA}.Release|Any CPU.ActiveCfg = Release|Any CPU
		{522323D6-7640-4EC9-BF14-1651C64167AA}.Release|Any CPU.Build.0 = Release|Any CPU
	EndGlobalSection
	GlobalSection(SolutionProperties) = preSolution
		HideSolutionNode = FALSE
	EndGlobalSection
	GlobalSection(ExtensibilityGlobals) = postSolution
		SolutionGuid = {4D9D363D-DD69-4360-AF8A-AAC514F4361E}
	EndGlobalSection
EndGlobal
